
Microsoft Visual Studio Solution File, Format Version 12.00
# Visual Studio Version 17
VisualStudioVersion = 17.0.31912.275
MinimumVisualStudioVersion = 10.0.40219.1
Project("{9A19103F-16F7-4668-BE54-9A1E7A4F7556}") = "PromotionEngine", "PromotionEngine\PromotionEngine.csproj", "{5978647B-0F9A-4D6D-988F-BAAB46F7B147}"
EndProject
Global
	GlobalSection(SolutionConfigurationPlatforms) = preSolution
		Debug|Any CPU = Debug|Any CPU
		Release|Any CPU = Release|Any CPU
	EndGlobalSection
	GlobalSection(ProjectConfigurationPlatforms) = postSolution
		{5978647B-0F9A-4D6D-988F-BAAB46F7B147}.Debug|Any CPU.ActiveCfg = Debug|Any CPU
		{5978647B-0F9A-4D6D-988F-BAAB46F7B147}.Debug|Any CPU.Build.0 = Debug|Any CPU
		{5978647B-0F9A-4D6D-988F-BAAB46F7B147}.Release|Any CPU.ActiveCfg = Release|Any CPU
		{5978647B-0F9A-4D6D-988F-BAAB46F7B147}.Release|Any CPU.Build.0 = Release|Any CPU
	EndGlobalSection
	GlobalSection(SolutionProperties) = preSolution
		HideSolutionNode = FALSE
	EndGlobalSection
	GlobalSection(ExtensibilityGlobals) = postSolution
		SolutionGuid = {4BF01890-E7B1-4EC1-9886-1DFFED50088D}
	EndGlobalSection
EndGlobal
